{
  "name": "web_r56",
  "version": "1.0.0",
  "lockfileVersion": 1,
  "requires": true,
  "dependencies": {
    "jspsych": {
      "version": "6.0.0",
      "resolved": "https://registry.npmjs.org/jspsych/-/jspsych-6.0.0.tgz",
      "integrity": "sha512-7krgrn7Hjn+ovwUt1ebjp8Yg72JIV0yJqxC6p7nctFSGPHQtXpvNwA3dE2dUXOgOVVrp4Q6wHpywC7MouGcEzw=="
    },
    "uuid": {
      "version": "8.3.0",
      "resolved": "https://registry.npmjs.org/uuid/-/uuid-8.3.0.tgz",
      "integrity": "sha512-fX6Z5o4m6XsXBdli9g7DtWgAx+osMsRRZFKma1mIUsLCz6vRvv+pz5VNbyu9UEDzpMWulZfvpgb/cmDXVulYFQ=="
    }
  }
}
